// !$*UTF8*$!
{
	archiveVersion = 1;
	classes = {
	};
	objectVersion = 55;
	objects = {

/* Begin PBXBuildFile section */
		E1DBF7C4282581FD003B5612 /* AppDelegate.swift in Sources */ = {isa = PBXBuildFile; fileRef = E1DBF7C3282581FD003B5612 /* AppDelegate.swift */; };
		E1DBF7C6282581FD003B5612 /* SceneDelegate.swift in Sources */ = {isa = PBXBuildFile; fileRef = E1DBF7C5282581FD003B5612 /* SceneDelegate.swift */; };
		E1DBF7C8282581FD003B5612 /* ViewController.swift in Sources */ = {isa = PBXBuildFile; fileRef = E1DBF7C7282581FD003B5612 /* ViewController.swift */; };
		E1DBF7CB282581FD003B5612 /* Main.storyboard in Resources */ = {isa = PBXBuildFile; fileRef = E1DBF7C9282581FD003B5612 /* Main.storyboard */; };
		E1DBF7CD282581FE003B5612 /* Assets.xcassets in Resources */ = {isa = PBXBuildFile; fileRef = E1DBF7CC282581FE003B5612 /* Assets.xcassets */; };
		E1DBF7D0282581FE003B5612 /* LaunchScreen.storyboard in Resources */ = {isa = PBXBuildFile; fileRef = E1DBF7CE282581FE003B5612 /* LaunchScreen.storyboard */; };
		E1DBF7DA282582C8003B5612 /* SWRevealViewController.m in Sources */ = {isa = PBXBuildFile; fileRef = E1DBF7D9282582C8003B5612 /* SWRevealViewController.m */; };
		E1DBF7DD28258318003B5612 /* sidemenu.png in Resources */ = {isa = PBXBuildFile; fileRef = E1DBF7DC28258318003B5612 /* sidemenu.png */; };
		E1DBF7DF28258335003B5612 /* FrontViewController.swift in Sources */ = {isa = PBXBuildFile; fileRef = E1DBF7DE28258335003B5612 /* FrontViewController.swift */; };
/* End PBXBuildFile section */

/* Begin PBXFileReference section */
		E1DBF7C0282581FD003B5612 /* SideBar.app */ = {isa = PBXFileReference; explicitFileType = wrapper.application; includeInIndex = 0; path = SideBar.app; sourceTree = BUILT_PRODUCTS_DIR; };
		E1DBF7C3282581FD003B5612 /* AppDelegate.swift */ = {isa = PBXFileReference; lastKnownFileType = sourcecode.swift; path = AppDelegate.swift; sourceTree = "<group>"; };
		E1DBF7C5282581FD003B5612 /* SceneDelegate.swift */ = {isa = PBXFileReference; lastKnownFileType = sourcecode.swift; path = SceneDelegate.swift; sourceTree = "<group>"; };
		E1DBF7C7282581FD003B5612 /* ViewController.swift */ = {isa = PBXFileReference; lastKnownFileType = sourcecode.swift; path = ViewController.swift; sourceTree = "<group>"; };
		E1DBF7CA282581FD003B5612 /* Base */ = {isa = PBXFileReference; lastKnownFileType = file.storyboard; name = Base; path = Base.lproj/Main.storyboard; sourceTree = "<group>"; };
		E1DBF7CC282581FE003B5612 /* Assets.xcassets */ = {isa = PBXFileReference; lastKnownFileType = folder.assetcatalog; path = Assets.xcassets; sourceTree = "<group>"; };
		E1DBF7CF282581FE003B5612 /* Base */ = {isa = PBXFileReference; lastKnownFileType = file.storyboard; name = Base; path = Base.lproj/LaunchScreen.storyboard; sourceTree = "<group>"; };
		E1DBF7D1282581FE003B5612 /* Info.plist */ = {isa = PBXFileReference; lastKnownFileType = text.plist.xml; path = Info.plist; sourceTree = "<group>"; };
		E1DBF7D7282582C8003B5612 /* SideBar-Bridging-Header.h */ = {isa = PBXFileReference; lastKnownFileType = sourcecode.c.h; path = "SideBar-Bridging-Header.h"; sourceTree = "<group>"; };
		E1DBF7D8282582C8003B5612 /* SWRevealViewController.h */ = {isa = PBXFileReference; fileEncoding = 4; lastKnownFileType = sourcecode.c.h; name = SWRevealViewController.h; path = "../../SWRevealViewController-master/SWRevealViewController/SWRevealViewController.h"; sourceTree = "<group>"; };
		E1DBF7D9282582C8003B5612 /* SWRevealViewController.m */ = {isa = PBXFileReference; fileEncoding = 4; lastKnownFileType = sourcecode.c.objc; name = SWRevealViewController.m; path = "../../SWRevealViewController-master/SWRevealViewController/SWRevealViewController.m"; sourceTree = "<group>"; };
		E1DBF7DC28258318003B5612 /* sidemenu.png */ = {isa = PBXFileReference; lastKnownFileType = image.png; name = sidemenu.png; path = "../../../swift_practice/Chapter04-SideBar/Resources/sidemenu.png"; sourceTree = "<group>"; };
		E1DBF7DE28258335003B5612 /* FrontViewController.swift */ = {isa = PBXFileReference; lastKnownFileType = sourcecode.swift; path = FrontViewController.swift; sourceTree = "<group>"; };
/* End PBXFileReference section */

/* Begin PBXFrameworksBuildPhase section */
		E1DBF7BD282581FD003B5612 /* Frameworks */ = {
			isa = PBXFrameworksBuildPhase;
			buildActionMask = 2147483647;
			files = (
			);
			runOnlyForDeploymentPostprocessing = 0;
		};
/* End PBXFrameworksBuildPhase section */

/* Begin PBXGroup section */
		E1DBF7B7282581FD003B5612 = {
			isa = PBXGroup;
			children = (
				E1DBF7DB2825830F003B5612 /* Resources */,
				E1DBF7C2282581FD003B5612 /* SideBar */,
				E1DBF7D8282582C8003B5612 /* SWRevealViewController.h */,
				E1DBF7D9282582C8003B5612 /* SWRevealViewController.m */,
				E1DBF7C1282581FD003B5612 /* Products */,
				E1DBF7D7282582C8003B5612 /* SideBar-Bridging-Header.h */,
			);
			sourceTree = "<group>";
		};
		E1DBF7C1282581FD003B5612 /* Products */ = {
			isa = PBXGroup;
			children = (
				E1DBF7C0282581FD003B5612 /* SideBar.app */,
			);
			name = Products;
			sourceTree = "<group>";
		};
		E1DBF7C2282581FD003B5612 /* SideBar */ = {
			isa = PBXGroup;
			children = (
				E1DBF7C3282581FD003B5612 /* AppDelegate.swift */,
				E1DBF7C5282581FD003B5612 /* SceneDelegate.swift */,
				E1DBF7C7282581FD003B5612 /* ViewController.swift */,
				E1DBF7C9282581FD003B5612 /* Main.storyboard */,
				E1DBF7CC282581FE003B5612 /* Assets.xcassets */,
				E1DBF7CE282581FE003B5612 /* LaunchScreen.storyboard */,
				E1DBF7D1282581FE003B5612 /* Info.plist */,
				E1DBF7DE28258335003B5612 /* FrontViewController.swift */,
			);
			path = SideBar;
			sourceTree = "<group>";
		};
		E1DBF7DB2825830F003B5612 /* Resources */ = {
			isa = PBXGroup;
			children = (
				E1DBF7DC28258318003B5612 /* sidemenu.png */,
			);
			path = Resources;
			sourceTree = "<group>";
		};
/* End PBXGroup section */

/* Begin PBXNativeTarget section */
		E1DBF7BF282581FD003B5612 /* SideBar */ = {
			isa = PBXNativeTarget;
			buildConfigurationList = E1DBF7D4282581FE003B5612 /* Build configuration list for PBXNativeTarget "SideBar" */;
			buildPhases = (
				E1DBF7BC282581FD003B5612 /* Sources */,
				E1DBF7BD282581FD003B5612 /* Frameworks */,
				E1DBF7BE282581FD003B5612 /* Resources */,
			);
			buildRules = (
			);
			dependencies = (
			);
			name = SideBar;
			productName = SideBar;
			productReference = E1DBF7C0282581FD003B5612 /* SideBar.app */;
			productType = "com.apple.product-type.application";
		};
/* End PBXNativeTarget section */

/* Begin PBXProject section */
		E1DBF7B8282581FD003B5612 /* Project object */ = {
			isa = PBXProject;
			attributes = {
				BuildIndependentTargetsInParallel = 1;
				LastSwiftUpdateCheck = 1330;
				LastUpgradeCheck = 1330;
				TargetAttributes = {
					E1DBF7BF282581FD003B5612 = {
						CreatedOnToolsVersion = 13.3.1;
						LastSwiftMigration = 1330;
					};
				};
			};
			buildConfigurationList = E1DBF7BB282581FD003B5612 /* Build configuration list for PBXProject "SideBar" */;
			compatibilityVersion = "Xcode 13.0";
			developmentRegion = en;
			hasScannedForEncodings = 0;
			knownRegions = (
				en,
				Base,
			);
			mainGroup = E1DBF7B7282581FD003B5612;
			productRefGroup = E1DBF7C1282581FD003B5612 /* Products */;
			projectDirPath = "";
			projectRoot = "";
			targets = (
				E1DBF7BF282581FD003B5612 /* SideBar */,
			);
		};
/* End PBXProject section */

/* Begin PBXResourcesBuildPhase section */
		E1DBF7BE282581FD003B5612 /* Resources */ = {
			isa = PBXResourcesBuildPhase;
			buildActionMask = 2147483647;
			files = (
				E1DBF7D0282581FE003B5612 /* LaunchScreen.storyboard in Resources */,
				E1DBF7DD28258318003B5612 /* sidemenu.png in Resources */,
				E1DBF7CD282581FE003B5612 /* Assets.xcassets in Resources */,
				E1DBF7CB282581FD003B5612 /* Main.storyboard in Resources */,
			);
			runOnlyForDeploymentPostprocessing = 0;
		};
/* End PBXResourcesBuildPhase section */

/* Begin PBXSourcesBuildPhase section */
		E1DBF7BC282581FD003B5612 /* Sources */ = {
			isa = PBXSourcesBuildPhase;
			buildActionMask = 2147483647;
			files = (
				E1DBF7C8282581FD003B5612 /* ViewController.swift in Sources */,
				E1DBF7C4282581FD003B5612 /* AppDelegate.swift in Sources */,
				E1DBF7DF28258335003B5612 /* FrontViewController.swift in Sources */,
				E1DBF7C6282581FD003B5612 /* SceneDelegate.swift in Sources */,
				E1DBF7DA282582C8003B5612 /* SWRevealViewController.m in Sources */,
			);
			runOnlyForDeploymentPostprocessing = 0;
		};
/* End PBXSourcesBuildPhase section */

/* Begin PBXVariantGroup section */
		E1DBF7C9282581FD003B5612 /* Main.storyboard */ = {
			isa = PBXVariantGroup;
			children = (
				E1DBF7CA282581FD003B5612 /* Base */,
			);
			name = Main.storyboard;
			sourceTree = "<group>";
		};
		E1DBF7CE282581FE003B5612 /* LaunchScreen.storyboard */ = {
			isa = PBXVariantGroup;
			children = (
				E1DBF7CF282581FE003B5612 /* Base */,
			);
			name = LaunchScreen.storyboard;
			sourceTree = "<group>";
		};
/* End PBXVariantGroup section */

/* Begin XCBuildConfiguration section */
		E1DBF7D2282581FE003B5612 /* Debug */ = {
			isa = XCBuildConfiguration;
			buildSettings = {
				ALWAYS_SEARCH_USER_PATHS = NO;
				CLANG_ANALYZER_NONNULL = YES;
				CLANG_ANALYZER_NUMBER_OBJECT_CONVERSION = YES_AGGRESSIVE;
				CLANG_CXX_LANGUAGE_STANDARD = "gnu++17";
				CLANG_ENABLE_MODULES = YES;
				CLANG_ENABLE_OBJC_ARC = YES;
				CLANG_ENABLE_OBJC_WEAK = YES;
				CLANG_WARN_BLOCK_CAPTURE_AUTORELEASING = YES;
				CLANG_WARN_BOOL_CONVERSION = YES;
				CLANG_WARN_COMMA = YES;
				CLANG_WARN_CONSTANT_CONVERSION = YES;
				CLANG_WARN_DEPRECATED_OBJC_IMPLEMENTATIONS = YES;
				CLANG_WARN_DIRECT_OBJC_ISA_USAGE = YES_ERROR;
				CLANG_WARN_DOCUMENTATION_COMMENTS = YES;
				CLANG_WARN_EMPTY_BODY = YES;
				CLANG_WARN_ENUM_CONVERSION = YES;
				CLANG_WARN_INFINITE_RECURSION = YES;
				CLANG_WARN_INT_CONVERSION = YES;
				CLANG_WARN_NON_LITERAL_NULL_CONVERSION = YES;
				CLANG_WARN_OBJC_IMPLICIT_RETAIN_SELF = YES;
				CLANG_WARN_OBJC_LITERAL_CONVERSION = YES;
				CLANG_WARN_OBJC_ROOT_CLASS = YES_ERROR;
				CLANG_WARN_QUOTED_INCLUDE_IN_FRAMEWORK_HEADER = YES;
				CLANG_WARN_RANGE_LOOP_ANALYSIS = YES;
				CLANG_WARN_STRICT_PROTOTYPES = YES;
				CLANG_WARN_SUSPICIOUS_MOVE = YES;
				CLANG_WARN_UNGUARDED_AVAILABILITY = YES_AGGRESSIVE;
				CLANG_WARN_UNREACHABLE_CODE = YES;
				CLANG_WARN__DUPLICATE_METHOD_MATCH = YES;
				COPY_PHASE_STRIP = NO;
				DEBUG_INFORMATION_FORMAT = dwarf;
				ENABLE_STRICT_OBJC_MSGSEND = YES;
				ENABLE_TESTABILITY = YES;
				GCC_C_LANGUAGE_STANDARD = gnu11;
				GCC_DYNAMIC_NO_PIC = NO;
				GCC_NO_COMMON_BLOCKS = YES;
				GCC_OPTIMIZATION_LEVEL = 0;
				GCC_PREPROCESSOR_DEFINITIONS = (
					"DEBUG=1",
					"$(inherited)",
				);
				GCC_WARN_64_TO_32_BIT_CONVERSION = YES;
				GCC_WARN_ABOUT_RETURN_TYPE = YES_ERROR;
				GCC_WARN_UNDECLARED_SELECTOR = YES;
				GCC_WARN_UNINITIALIZED_AUTOS = YES_AGGRESSIVE;
				GCC_WARN_UNUSED_FUNCTION = YES;
				GCC_WARN_UNUSED_VARIABLE = YES;
				IPHONEOS_DEPLOYMENT_TARGET = 15.4;
				MTL_ENABLE_DEBUG_INFO = INCLUDE_SOURCE;
				MTL_FAST_MATH = YES;
				ONLY_ACTIVE_ARCH = YES;
				SDKROOT = iphoneos;
				SWIFT_ACTIVE_COMPILATION_CONDITIONS = DEBUG;
				SWIFT_OPTIMIZATION_LEVEL = "-Onone";
			};
			name = Debug;
		};
		E1DBF7D3282581FE003B5612 /* Release */ = {
			isa = XCBuildConfiguration;
			buildSettings = {
				ALWAYS_SEARCH_USER_PATHS = NO;
				CLANG_ANALYZER_NONNULL = YES;
				CLANG_ANALYZER_NUMBER_OBJECT_CONVERSION = YES_AGGRESSIVE;
				CLANG_CXX_LANGUAGE_STANDARD = "gnu++17";
				CLANG_ENABLE_MODULES = YES;
				CLANG_ENABLE_OBJC_ARC = YES;
				CLANG_ENABLE_OBJC_WEAK = YES;
				CLANG_WARN_BLOCK_CAPTURE_AUTORELEASING = YES;
				CLANG_WARN_BOOL_CONVERSION = YES;
				CLANG_WARN_COMMA = YES;
				CLANG_WARN_CONSTANT_CONVERSION = YES;
				CLANG_WARN_DEPRECATED_OBJC_IMPLEMENTATIONS = YES;
				CLANG_WARN_DIRECT_OBJC_ISA_USAGE = YES_ERROR;
				CLANG_WARN_DOCUMENTATION_COMMENTS = YES;
				CLANG_WARN_EMPTY_BODY = YES;
				CLANG_WARN_ENUM_CONVERSION = YES;
				CLANG_WARN_INFINITE_RECURSION = YES;
				CLANG_WARN_INT_CONVERSION = YES;
				CLANG_WARN_NON_LITERAL_NULL_CONVERSION = YES;
				CLANG_WARN_OBJC_IMPLICIT_RETAIN_SELF = YES;
				CLANG_WARN_OBJC_LITERAL_CONVERSION = YES;
				CLANG_WARN_OBJC_ROOT_CLASS = YES_ERROR;
				CLANG_WARN_QUOTED_INCLUDE_IN_FRAMEWORK_HEADER = YES;
				CLANG_WARN_RANGE_LOOP_ANALYSIS = YES;
				CLANG_WARN_STRICT_PROTOTYPES = YES;
				CLANG_WARN_SUSPICIOUS_MOVE = YES;
				CLANG_WARN_UNGUARDED_AVAILABILITY = YES_AGGRESSIVE;
				CLANG_WARN_UNREACHABLE_CODE = YES;
				CLANG_WARN__DUPLICATE_METHOD_MATCH = YES;
				COPY_PHASE_STRIP = NO;
				DEBUG_INFORMATION_FORMAT = "dwarf-with-dsym";
				ENABLE_NS_ASSERTIONS = NO;
				ENABLE_STRICT_OBJC_MSGSEND = YES;
				GCC_C_LANGUAGE_STANDARD = gnu11;
				GCC_NO_COMMON_BLOCKS = YES;
				GCC_WARN_64_TO_32_BIT_CONVERSION = YES;
				GCC_WARN_ABOUT_RETURN_TYPE = YES_ERROR;
				GCC_WARN_UNDECLARED_SELECTOR = YES;
				GCC_WARN_UNINITIALIZED_AUTOS = YES_AGGRESSIVE;
				GCC_WARN_UNUSED_FUNCTION = YES;
				GCC_WARN_UNUSED_VARIABLE = YES;
				IPHONEOS_DEPLOYMENT_TARGET = 15.4;
				MTL_ENABLE_DEBUG_INFO = NO;
				MTL_FAST_MATH = YES;
				SDKROOT = iphoneos;
				SWIFT_COMPILATION_MODE = wholemodule;
				SWIFT_OPTIMIZATION_LEVEL = "-O";
				VALIDATE_PRODUCT = YES;
			};
			name = Release;
		};
		E1DBF7D5282581FE003B5612 /* Debug */ = {
			isa = XCBuildConfiguration;
			buildSettings = {
				ASSETCATALOG_COMPILER_APPICON_NAME = AppIcon;
				ASSETCATALOG_COMPILER_GLOBAL_ACCENT_COLOR_NAME = AccentColor;
				CLANG_ENABLE_MODULES = YES;
				CODE_SIGN_STYLE = Automatic;
				CURRENT_PROJECT_VERSION = 1;
				DEVELOPMENT_TEAM = 68F2F82KVT;
				GENERATE_INFOPLIST_FILE = YES;
				INFOPLIST_FILE = SideBar/Info.plist;
				INFOPLIST_KEY_UIApplicationSupportsIndirectInputEvents = YES;
				INFOPLIST_KEY_UILaunchStoryboardName = LaunchScreen;
				INFOPLIST_KEY_UIMainStoryboardFile = Main;
				INFOPLIST_KEY_UISupportedInterfaceOrientations_iPad = "UIInterfaceOrientationPortrait UIInterfaceOrientationPortraitUpsideDown UIInterfaceOrientationLandscapeLeft UIInterfaceOrientationLandscapeRight";
				INFOPLIST_KEY_UISupportedInterfaceOrientations_iPhone = "UIInterfaceOrientationPortrait UIInterfaceOrientationLandscapeLeft UIInterfaceOrientationLandscapeRight";
				LD_RUNPATH_SEARCH_PATHS = (
					"$(inherited)",
					"@executable_path/Frameworks",
				);
				MARKETING_VERSION = 1.0;
				PRODUCT_BUNDLE_IDENTIFIER = siddd.sidddd;
				PRODUCT_NAME = "$(TARGET_NAME)";
				SWIFT_EMIT_LOC_STRINGS = YES;
				SWIFT_OBJC_BRIDGING_HEADER = "SideBar-Bridging-Header.h";
				SWIFT_OPTIMIZATION_LEVEL = "-Onone";
				SWIFT_VERSION = 5.0;
				TARGETED_DEVICE_FAMILY = "1,2";
			};
			name = Debug;
		};
		E1DBF7D6282581FE003B5612 /* Release */ = {
			isa = XCBuildConfiguration;
			buildSettings = {
				ASSETCATALOG_COMPILER_APPICON_NAME = AppIcon;
				ASSETCATALOG_COMPILER_GLOBAL_ACCENT_COLOR_NAME = AccentColor;
				CLANG_ENABLE_MODULES = YES;
				CODE_SIGN_STYLE = Automatic;
				CURRENT_PROJECT_VERSION = 1;
				DEVELOPMENT_TEAM = 68F2F82KVT;
				GENERATE_INFOPLIST_FILE = YES;
				INFOPLIST_FILE = SideBar/Info.plist;
				INFOPLIST_KEY_UIApplicationSupportsIndirectInputEvents = YES;
				INFOPLIST_KEY_UILaunchStoryboardName = LaunchScreen;
				INFOPLIST_KEY_UIMainStoryboardFile = Main;
				INFOPLIST_KEY_UISupportedInterfaceOrientations_iPad = "UIInterfaceOrientationPortrait UIInterfaceOrientationPortraitUpsideDown UIInterfaceOrientationLandscapeLeft UIInterfaceOrientationLandscapeRight";
				INFOPLIST_KEY_UISupportedInterfaceOrientations_iPhone = "UIInterfaceOrientationPortrait UIInterfaceOrientationLandscapeLeft UIInterfaceOrientationLandscapeRight";
				LD_RUNPATH_SEARCH_PATHS = (
					"$(inherited)",
					"@executable_path/Frameworks",
				);
				MARKETING_VERSION = 1.0;
				PRODUCT_BUNDLE_IDENTIFIER = siddd.sidddd;
				PRODUCT_NAME = "$(TARGET_NAME)";
				SWIFT_EMIT_LOC_STRINGS = YES;
				SWIFT_OBJC_BRIDGING_HEADER = "SideBar-Bridging-Header.h";
				SWIFT_VERSION = 5.0;
				TARGETED_DEVICE_FAMILY = "1,2";
			};
			name = Release;
		};
/* End XCBuildConfiguration section */

/* Begin XCConfigurationList section */
		E1DBF7BB282581FD003B5612 /* Build configuration list for PBXProject "SideBar" */ = {
			isa = XCConfigurationList;
			buildConfigurations = (
				E1DBF7D2282581FE003B5612 /* Debug */,
				E1DBF7D3282581FE003B5612 /* Release */,
			);
			defaultConfigurationIsVisible = 0;
			defaultConfigurationName = Release;
		};
		E1DBF7D4282581FE003B5612 /* Build configuration list for PBXNativeTarget "SideBar" */ = {
			isa = XCConfigurationList;
			buildConfigurations = (
				E1DBF7D5282581FE003B5612 /* Debug */,
				E1DBF7D6282581FE003B5612 /* Release */,
			);
			defaultConfigurationIsVisible = 0;
			defaultConfigurationName = Release;
		};
/* End XCConfigurationList section */
	};
	rootObject = E1DBF7B8282581FD003B5612 /* Project object */;
}
